// !$*UTF8*$!
{
	archiveVersion = 1;
	classes = {
	};
	objectVersion = 56;
	objects = {

/* Begin PBXBuildFile section */
		44AA35932BA0E7D600544B78 /* DiffableTableViewController.swift in Sources */ = {isa = PBXBuildFile; fileRef = 44AA35922BA0E7D600544B78 /* DiffableTableViewController.swift */; };
		44AA35952BA0F4FE00544B78 /* ScoreDiffableDataSource.swift in Sources */ = {isa = PBXBuildFile; fileRef = 44AA35942BA0F4FE00544B78 /* ScoreDiffableDataSource.swift */; };
		44AA35972BA0F7AC00544B78 /* EditTableDiffableViewController.swift in Sources */ = {isa = PBXBuildFile; fileRef = 44AA35962BA0F7AC00544B78 /* EditTableDiffableViewController.swift */; };
		44AA35992BA1033D00544B78 /* CustomCollectionViewCell.swift in Sources */ = {isa = PBXBuildFile; fileRef = 44AA35982BA1033D00544B78 /* CustomCollectionViewCell.swift */; };
		44AA359B2BA1035500544B78 /* FavCollectionViewController.swift in Sources */ = {isa = PBXBuildFile; fileRef = 44AA359A2BA1035500544B78 /* FavCollectionViewController.swift */; };
		44AA359D2BA1073B00544B78 /* Extensions.swift in Sources */ = {isa = PBXBuildFile; fileRef = 44AA359C2BA1073B00544B78 /* Extensions.swift */; };
		44C229822B9F85A600077318 /* CustomTableViewController.swift in Sources */ = {isa = PBXBuildFile; fileRef = 44C229812B9F85A600077318 /* CustomTableViewController.swift */; };
		44C229842B9F895900077318 /* CustomTableViewCell.swift in Sources */ = {isa = PBXBuildFile; fileRef = 44C229832B9F895900077318 /* CustomTableViewCell.swift */; };
		44C229862B9F8E2200077318 /* CustomImage.swift in Sources */ = {isa = PBXBuildFile; fileRef = 44C229852B9F8E2200077318 /* CustomImage.swift */; };
		44C229892B9FAF5500077318 /* EditTableViewController.swift in Sources */ = {isa = PBXBuildFile; fileRef = 44C229882B9FAF5500077318 /* EditTableViewController.swift */; };
		44C655E02B9A3B1700614F0A /* AppDelegate.swift in Sources */ = {isa = PBXBuildFile; fileRef = 44C655DF2B9A3B1700614F0A /* AppDelegate.swift */; };
		44C655E22B9A3B1700614F0A /* SceneDelegate.swift in Sources */ = {isa = PBXBuildFile; fileRef = 44C655E12B9A3B1700614F0A /* SceneDelegate.swift */; };
		44C655E72B9A3B1700614F0A /* Base in Resources */ = {isa = PBXBuildFile; fileRef = 44C655E62B9A3B1700614F0A /* Base */; };
		44C655E92B9A3B1900614F0A /* Assets.xcassets in Resources */ = {isa = PBXBuildFile; fileRef = 44C655E82B9A3B1900614F0A /* Assets.xcassets */; };
		44C655EC2B9A3B1900614F0A /* Base in Resources */ = {isa = PBXBuildFile; fileRef = 44C655EB2B9A3B1900614F0A /* Base */; };
		44C655F72B9A3EE300614F0A /* scoresdata.json in Resources */ = {isa = PBXBuildFile; fileRef = 44C655F62B9A3EE300614F0A /* scoresdata.json */; };
		44C655F92B9A3F1900614F0A /* Scores.swift in Sources */ = {isa = PBXBuildFile; fileRef = 44C655F82B9A3F1900614F0A /* Scores.swift */; };
		44C655FC2B9A464800614F0A /* DataInteractor.swift in Sources */ = {isa = PBXBuildFile; fileRef = 44C655FB2B9A464800614F0A /* DataInteractor.swift */; };
		44C655FF2B9A473E00614F0A /* ScoreLogic.swift in Sources */ = {isa = PBXBuildFile; fileRef = 44C655FE2B9A473E00614F0A /* ScoreLogic.swift */; };
		44C656022B9A4B2200614F0A /* DataPreview.swift in Sources */ = {isa = PBXBuildFile; fileRef = 44C656012B9A4B2200614F0A /* DataPreview.swift */; };
		44C656042B9A4B2F00614F0A /* scoresdatatest.json in Resources */ = {isa = PBXBuildFile; fileRef = 44C656032B9A4B2F00614F0A /* scoresdatatest.json */; };
		44C656062B9A500E00614F0A /* ScoresTableViewController.swift in Sources */ = {isa = PBXBuildFile; fileRef = 44C656052B9A500E00614F0A /* ScoresTableViewController.swift */; };
		44C656082B9A6B7700614F0A /* ScoreDetailTableViewController.swift in Sources */ = {isa = PBXBuildFile; fileRef = 44C656072B9A6B7700614F0A /* ScoreDetailTableViewController.swift */; };
/* End PBXBuildFile section */

/* Begin PBXFileReference section */
		44AA35922BA0E7D600544B78 /* DiffableTableViewController.swift */ = {isa = PBXFileReference; lastKnownFileType = sourcecode.swift; path = DiffableTableViewController.swift; sourceTree = "<group>"; };
		44AA35942BA0F4FE00544B78 /* ScoreDiffableDataSource.swift */ = {isa = PBXFileReference; lastKnownFileType = sourcecode.swift; path = ScoreDiffableDataSource.swift; sourceTree = "<group>"; };
		44AA35962BA0F7AC00544B78 /* EditTableDiffableViewController.swift */ = {isa = PBXFileReference; fileEncoding = 4; lastKnownFileType = sourcecode.swift; path = EditTableDiffableViewController.swift; sourceTree = "<group>"; };
		44AA35982BA1033D00544B78 /* CustomCollectionViewCell.swift */ = {isa = PBXFileReference; lastKnownFileType = sourcecode.swift; path = CustomCollectionViewCell.swift; sourceTree = "<group>"; };
		44AA359A2BA1035500544B78 /* FavCollectionViewController.swift */ = {isa = PBXFileReference; lastKnownFileType = sourcecode.swift; path = FavCollectionViewController.swift; sourceTree = "<group>"; };
		44AA359C2BA1073B00544B78 /* Extensions.swift */ = {isa = PBXFileReference; lastKnownFileType = sourcecode.swift; path = Extensions.swift; sourceTree = "<group>"; };
		44C229812B9F85A600077318 /* CustomTableViewController.swift */ = {isa = PBXFileReference; lastKnownFileType = sourcecode.swift; path = CustomTableViewController.swift; sourceTree = "<group>"; };
		44C229832B9F895900077318 /* CustomTableViewCell.swift */ = {isa = PBXFileReference; lastKnownFileType = sourcecode.swift; path = CustomTableViewCell.swift; sourceTree = "<group>"; };
		44C229852B9F8E2200077318 /* CustomImage.swift */ = {isa = PBXFileReference; lastKnownFileType = sourcecode.swift; path = CustomImage.swift; sourceTree = "<group>"; };
		44C229882B9FAF5500077318 /* EditTableViewController.swift */ = {isa = PBXFileReference; lastKnownFileType = sourcecode.swift; path = EditTableViewController.swift; sourceTree = "<group>"; };
		44C655DC2B9A3B1700614F0A /* ScoresUIKit.app */ = {isa = PBXFileReference; explicitFileType = wrapper.application; includeInIndex = 0; path = ScoresUIKit.app; sourceTree = BUILT_PRODUCTS_DIR; };
		44C655DF2B9A3B1700614F0A /* AppDelegate.swift */ = {isa = PBXFileReference; lastKnownFileType = sourcecode.swift; path = AppDelegate.swift; sourceTree = "<group>"; };
		44C655E12B9A3B1700614F0A /* SceneDelegate.swift */ = {isa = PBXFileReference; lastKnownFileType = sourcecode.swift; path = SceneDelegate.swift; sourceTree = "<group>"; };
		44C655E62B9A3B1700614F0A /* Base */ = {isa = PBXFileReference; lastKnownFileType = file.storyboard; name = Base; path = Base.lproj/Main.storyboard; sourceTree = "<group>"; };
		44C655E82B9A3B1900614F0A /* Assets.xcassets */ = {isa = PBXFileReference; lastKnownFileType = folder.assetcatalog; path = Assets.xcassets; sourceTree = "<group>"; };
		44C655EB2B9A3B1900614F0A /* Base */ = {isa = PBXFileReference; lastKnownFileType = file.storyboard; name = Base; path = Base.lproj/LaunchScreen.storyboard; sourceTree = "<group>"; };
		44C655ED2B9A3B1900614F0A /* Info.plist */ = {isa = PBXFileReference; lastKnownFileType = text.plist.xml; path = Info.plist; sourceTree = "<group>"; };
		44C655F62B9A3EE300614F0A /* scoresdata.json */ = {isa = PBXFileReference; fileEncoding = 4; lastKnownFileType = text.json; path = scoresdata.json; sourceTree = "<group>"; };
		44C655F82B9A3F1900614F0A /* Scores.swift */ = {isa = PBXFileReference; lastKnownFileType = sourcecode.swift; path = Scores.swift; sourceTree = "<group>"; };
		44C655FB2B9A464800614F0A /* DataInteractor.swift */ = {isa = PBXFileReference; lastKnownFileType = sourcecode.swift; path = DataInteractor.swift; sourceTree = "<group>"; };
		44C655FE2B9A473E00614F0A /* ScoreLogic.swift */ = {isa = PBXFileReference; lastKnownFileType = sourcecode.swift; path = ScoreLogic.swift; sourceTree = "<group>"; };
		44C656012B9A4B2200614F0A /* DataPreview.swift */ = {isa = PBXFileReference; lastKnownFileType = sourcecode.swift; path = DataPreview.swift; sourceTree = "<group>"; };
		44C656032B9A4B2F00614F0A /* scoresdatatest.json */ = {isa = PBXFileReference; fileEncoding = 4; lastKnownFileType = text.json; path = scoresdatatest.json; sourceTree = "<group>"; };
		44C656052B9A500E00614F0A /* ScoresTableViewController.swift */ = {isa = PBXFileReference; lastKnownFileType = sourcecode.swift; path = ScoresTableViewController.swift; sourceTree = "<group>"; };
		44C656072B9A6B7700614F0A /* ScoreDetailTableViewController.swift */ = {isa = PBXFileReference; lastKnownFileType = sourcecode.swift; path = ScoreDetailTableViewController.swift; sourceTree = "<group>"; };
/* End PBXFileReference section */

/* Begin PBXFrameworksBuildPhase section */
		44C655D92B9A3B1700614F0A /* Frameworks */ = {
			isa = PBXFrameworksBuildPhase;
			buildActionMask = 2147483647;
			files = (
			);
			runOnlyForDeploymentPostprocessing = 0;
		};
/* End PBXFrameworksBuildPhase section */

/* Begin PBXGroup section */
		44C229872B9F8FB600077318 /* Views */ = {
			isa = PBXGroup;
			children = (
				44C229832B9F895900077318 /* CustomTableViewCell.swift */,
				44C229852B9F8E2200077318 /* CustomImage.swift */,
				44AA35982BA1033D00544B78 /* CustomCollectionViewCell.swift */,
			);
			name = Views;
			sourceTree = "<group>";
		};
		44C655D32B9A3B1700614F0A = {
			isa = PBXGroup;
			children = (
				44C655DE2B9A3B1700614F0A /* ScoresUIKit */,
				44C655DD2B9A3B1700614F0A /* Products */,
			);
			sourceTree = "<group>";
		};
		44C655DD2B9A3B1700614F0A /* Products */ = {
			isa = PBXGroup;
			children = (
				44C655DC2B9A3B1700614F0A /* ScoresUIKit.app */,
			);
			name = Products;
			sourceTree = "<group>";
		};
		44C655DE2B9A3B1700614F0A /* ScoresUIKit */ = {
			isa = PBXGroup;
			children = (
				44C656092B9A6B9700614F0A /* ViewControllers */,
				44C229872B9F8FB600077318 /* Views */,
				44C655E52B9A3B1700614F0A /* Main.storyboard */,
				44C655FD2B9A472F00614F0A /* Logic */,
				44C655FA2B9A463200614F0A /* Interactor */,
				44C655F42B9A3E9E00614F0A /* Model */,
				44C655F52B9A3EC800614F0A /* Resources */,
				44C655E82B9A3B1900614F0A /* Assets.xcassets */,
				44C655F32B9A3B9500614F0A /* System */,
				44C656002B9A4AA800614F0A /* Test Content */,
			);
			path = ScoresUIKit;
			sourceTree = "<group>";
		};
		44C655F32B9A3B9500614F0A /* System */ = {
			isa = PBXGroup;
			children = (
				44C655DF2B9A3B1700614F0A /* AppDelegate.swift */,
				44C655E12B9A3B1700614F0A /* SceneDelegate.swift */,
				44C655EA2B9A3B1900614F0A /* LaunchScreen.storyboard */,
				44C655ED2B9A3B1900614F0A /* Info.plist */,
			);
			name = System;
			sourceTree = "<group>";
		};
		44C655F42B9A3E9E00614F0A /* Model */ = {
			isa = PBXGroup;
			children = (
				44C655F82B9A3F1900614F0A /* Scores.swift */,
				44AA359C2BA1073B00544B78 /* Extensions.swift */,
			);
			name = Model;
			sourceTree = "<group>";
		};
		44C655F52B9A3EC800614F0A /* Resources */ = {
			isa = PBXGroup;
			children = (
				44C655F62B9A3EE300614F0A /* scoresdata.json */,
			);
			name = Resources;
			sourceTree = "<group>";
		};
		44C655FA2B9A463200614F0A /* Interactor */ = {
			isa = PBXGroup;
			children = (
				44C655FB2B9A464800614F0A /* DataInteractor.swift */,
			);
			name = Interactor;
			sourceTree = "<group>";
		};
		44C655FD2B9A472F00614F0A /* Logic */ = {
			isa = PBXGroup;
			children = (
				44C655FE2B9A473E00614F0A /* ScoreLogic.swift */,
			);
			name = Logic;
			sourceTree = "<group>";
		};
		44C656002B9A4AA800614F0A /* Test Content */ = {
			isa = PBXGroup;
			children = (
				44C656012B9A4B2200614F0A /* DataPreview.swift */,
				44C656032B9A4B2F00614F0A /* scoresdatatest.json */,
			);
			path = "Test Content";
			sourceTree = "<group>";
		};
		44C656092B9A6B9700614F0A /* ViewControllers */ = {
			isa = PBXGroup;
			children = (
				44C656052B9A500E00614F0A /* ScoresTableViewController.swift */,
				44C656072B9A6B7700614F0A /* ScoreDetailTableViewController.swift */,
				44C229812B9F85A600077318 /* CustomTableViewController.swift */,
				44C229882B9FAF5500077318 /* EditTableViewController.swift */,
				44AA35922BA0E7D600544B78 /* DiffableTableViewController.swift */,
				44AA35942BA0F4FE00544B78 /* ScoreDiffableDataSource.swift */,
				44AA35962BA0F7AC00544B78 /* EditTableDiffableViewController.swift */,
				44AA359A2BA1035500544B78 /* FavCollectionViewController.swift */,
			);
			name = ViewControllers;
			sourceTree = "<group>";
		};
/* End PBXGroup section */

/* Begin PBXNativeTarget section */
		44C655DB2B9A3B1700614F0A /* ScoresUIKit */ = {
			isa = PBXNativeTarget;
			buildConfigurationList = 44C655F02B9A3B1900614F0A /* Build configuration list for PBXNativeTarget "ScoresUIKit" */;
			buildPhases = (
				44C655D82B9A3B1700614F0A /* Sources */,
				44C655D92B9A3B1700614F0A /* Frameworks */,
				44C655DA2B9A3B1700614F0A /* Resources */,
			);
			buildRules = (
			);
			dependencies = (
			);
			name = ScoresUIKit;
			productName = ScoresUIKit;
			productReference = 44C655DC2B9A3B1700614F0A /* ScoresUIKit.app */;
			productType = "com.apple.product-type.application";
		};
/* End PBXNativeTarget section */

/* Begin PBXProject section */
		44C655D42B9A3B1700614F0A /* Project object */ = {
			isa = PBXProject;
			attributes = {
				BuildIndependentTargetsInParallel = 1;
				LastSwiftUpdateCheck = 1530;
				LastUpgradeCheck = 1530;
				TargetAttributes = {
					44C655DB2B9A3B1700614F0A = {
						CreatedOnToolsVersion = 15.3;
					};
				};
			};
			buildConfigurationList = 44C655D72B9A3B1700614F0A /* Build configuration list for PBXProject "ScoresUIKit" */;
			compatibilityVersion = "Xcode 14.0";
			developmentRegion = en;
			hasScannedForEncodings = 0;
			knownRegions = (
				en,
				Base,
			);
			mainGroup = 44C655D32B9A3B1700614F0A;
			productRefGroup = 44C655DD2B9A3B1700614F0A /* Products */;
			projectDirPath = "";
			projectRoot = "";
			targets = (
				44C655DB2B9A3B1700614F0A /* ScoresUIKit */,
			);
		};
/* End PBXProject section */

/* Begin PBXResourcesBuildPhase section */
		44C655DA2B9A3B1700614F0A /* Resources */ = {
			isa = PBXResourcesBuildPhase;
			buildActionMask = 2147483647;
			files = (
				44C655F72B9A3EE300614F0A /* scoresdata.json in Resources */,
				44C655E92B9A3B1900614F0A /* Assets.xcassets in Resources */,
				44C655EC2B9A3B1900614F0A /* Base in Resources */,
				44C656042B9A4B2F00614F0A /* scoresdatatest.json in Resources */,
				44C655E72B9A3B1700614F0A /* Base in Resources */,
			);
			runOnlyForDeploymentPostprocessing = 0;
		};
/* End PBXResourcesBuildPhase section */

/* Begin PBXSourcesBuildPhase section */
		44C655D82B9A3B1700614F0A /* Sources */ = {
			isa = PBXSourcesBuildPhase;
			buildActionMask = 2147483647;
			files = (
				44C655FC2B9A464800614F0A /* DataInteractor.swift in Sources */,
				44AA359D2BA1073B00544B78 /* Extensions.swift in Sources */,
				44C229892B9FAF5500077318 /* EditTableViewController.swift in Sources */,
				44C655FF2B9A473E00614F0A /* ScoreLogic.swift in Sources */,
				44C229862B9F8E2200077318 /* CustomImage.swift in Sources */,
				44C656062B9A500E00614F0A /* ScoresTableViewController.swift in Sources */,
				44AA35972BA0F7AC00544B78 /* EditTableDiffableViewController.swift in Sources */,
				44C656022B9A4B2200614F0A /* DataPreview.swift in Sources */,
				44C655E02B9A3B1700614F0A /* AppDelegate.swift in Sources */,
				44AA359B2BA1035500544B78 /* FavCollectionViewController.swift in Sources */,
				44C656082B9A6B7700614F0A /* ScoreDetailTableViewController.swift in Sources */,
				44C229842B9F895900077318 /* CustomTableViewCell.swift in Sources */,
				44AA35932BA0E7D600544B78 /* DiffableTableViewController.swift in Sources */,
				44AA35992BA1033D00544B78 /* CustomCollectionViewCell.swift in Sources */,
				44AA35952BA0F4FE00544B78 /* ScoreDiffableDataSource.swift in Sources */,
				44C655F92B9A3F1900614F0A /* Scores.swift in Sources */,
				44C229822B9F85A600077318 /* CustomTableViewController.swift in Sources */,
				44C655E22B9A3B1700614F0A /* SceneDelegate.swift in Sources */,
			);
			runOnlyForDeploymentPostprocessing = 0;
		};
/* End PBXSourcesBuildPhase section */

/* Begin PBXVariantGroup section */
		44C655E52B9A3B1700614F0A /* Main.storyboard */ = {
			isa = PBXVariantGroup;
			children = (
				44C655E62B9A3B1700614F0A /* Base */,
			);
			name = Main.storyboard;
			sourceTree = "<group>";
		};
		44C655EA2B9A3B1900614F0A /* LaunchScreen.storyboard */ = {
			isa = PBXVariantGroup;
			children = (
				44C655EB2B9A3B1900614F0A /* Base */,
			);
			name = LaunchScreen.storyboard;
			sourceTree = "<group>";
		};
/* End PBXVariantGroup section */

/* Begin XCBuildConfiguration section */
		44C655EE2B9A3B1900614F0A /* Debug */ = {
			isa = XCBuildConfiguration;
			buildSettings = {
				ALWAYS_SEARCH_USER_PATHS = NO;
				ASSETCATALOG_COMPILER_GENERATE_SWIFT_ASSET_SYMBOL_EXTENSIONS = YES;
				CLANG_ANALYZER_NONNULL = YES;
				CLANG_ANALYZER_NUMBER_OBJECT_CONVERSION = YES_AGGRESSIVE;
				CLANG_CXX_LANGUAGE_STANDARD = "gnu++20";
				CLANG_ENABLE_MODULES = YES;
				CLANG_ENABLE_OBJC_ARC = YES;
				CLANG_ENABLE_OBJC_WEAK = YES;
				CLANG_WARN_BLOCK_CAPTURE_AUTORELEASING = YES;
				CLANG_WARN_BOOL_CONVERSION = YES;
				CLANG_WARN_COMMA = YES;
				CLANG_WARN_CONSTANT_CONVERSION = YES;
				CLANG_WARN_DEPRECATED_OBJC_IMPLEMENTATIONS = YES;
				CLANG_WARN_DIRECT_OBJC_ISA_USAGE = YES_ERROR;
				CLANG_WARN_DOCUMENTATION_COMMENTS = YES;
				CLANG_WARN_EMPTY_BODY = YES;
				CLANG_WARN_ENUM_CONVERSION = YES;
				CLANG_WARN_INFINITE_RECURSION = YES;
				CLANG_WARN_INT_CONVERSION = YES;
				CLANG_WARN_NON_LITERAL_NULL_CONVERSION = YES;
				CLANG_WARN_OBJC_IMPLICIT_RETAIN_SELF = YES;
				CLANG_WARN_OBJC_LITERAL_CONVERSION = YES;
				CLANG_WARN_OBJC_ROOT_CLASS = YES_ERROR;
				CLANG_WARN_QUOTED_INCLUDE_IN_FRAMEWORK_HEADER = YES;
				CLANG_WARN_RANGE_LOOP_ANALYSIS = YES;
				CLANG_WARN_STRICT_PROTOTYPES = YES;
				CLANG_WARN_SUSPICIOUS_MOVE = YES;
				CLANG_WARN_UNGUARDED_AVAILABILITY = YES_AGGRESSIVE;
				CLANG_WARN_UNREACHABLE_CODE = YES;
				CLANG_WARN__DUPLICATE_METHOD_MATCH = YES;
				COPY_PHASE_STRIP = NO;
				DEBUG_INFORMATION_FORMAT = dwarf;
				ENABLE_STRICT_OBJC_MSGSEND = YES;
				ENABLE_TESTABILITY = YES;
				ENABLE_USER_SCRIPT_SANDBOXING = YES;
				GCC_C_LANGUAGE_STANDARD = gnu17;
				GCC_DYNAMIC_NO_PIC = NO;
				GCC_NO_COMMON_BLOCKS = YES;
				GCC_OPTIMIZATION_LEVEL = 0;
				GCC_PREPROCESSOR_DEFINITIONS = (
					"DEBUG=1",
					"$(inherited)",
				);
				GCC_WARN_64_TO_32_BIT_CONVERSION = YES;
				GCC_WARN_ABOUT_RETURN_TYPE = YES_ERROR;
				GCC_WARN_UNDECLARED_SELECTOR = YES;
				GCC_WARN_UNINITIALIZED_AUTOS = YES_AGGRESSIVE;
				GCC_WARN_UNUSED_FUNCTION = YES;
				GCC_WARN_UNUSED_VARIABLE = YES;
				IPHONEOS_DEPLOYMENT_TARGET = 17.4;
				LOCALIZATION_PREFERS_STRING_CATALOGS = YES;
				MTL_ENABLE_DEBUG_INFO = INCLUDE_SOURCE;
				MTL_FAST_MATH = YES;
				ONLY_ACTIVE_ARCH = YES;
				SDKROOT = iphoneos;
				SWIFT_ACTIVE_COMPILATION_CONDITIONS = "DEBUG $(inherited)";
				SWIFT_OPTIMIZATION_LEVEL = "-Onone";
			};
			name = Debug;
		};
		44C655EF2B9A3B1900614F0A /* Release */ = {
			isa = XCBuildConfiguration;
			buildSettings = {
				ALWAYS_SEARCH_USER_PATHS = NO;
				ASSETCATALOG_COMPILER_GENERATE_SWIFT_ASSET_SYMBOL_EXTENSIONS = YES;
				CLANG_ANALYZER_NONNULL = YES;
				CLANG_ANALYZER_NUMBER_OBJECT_CONVERSION = YES_AGGRESSIVE;
				CLANG_CXX_LANGUAGE_STANDARD = "gnu++20";
				CLANG_ENABLE_MODULES = YES;
				CLANG_ENABLE_OBJC_ARC = YES;
				CLANG_ENABLE_OBJC_WEAK = YES;
				CLANG_WARN_BLOCK_CAPTURE_AUTORELEASING = YES;
				CLANG_WARN_BOOL_CONVERSION = YES;
				CLANG_WARN_COMMA = YES;
				CLANG_WARN_CONSTANT_CONVERSION = YES;
				CLANG_WARN_DEPRECATED_OBJC_IMPLEMENTATIONS = YES;
				CLANG_WARN_DIRECT_OBJC_ISA_USAGE = YES_ERROR;
				CLANG_WARN_DOCUMENTATION_COMMENTS = YES;
				CLANG_WARN_EMPTY_BODY = YES;
				CLANG_WARN_ENUM_CONVERSION = YES;
				CLANG_WARN_INFINITE_RECURSION = YES;
				CLANG_WARN_INT_CONVERSION = YES;
				CLANG_WARN_NON_LITERAL_NULL_CONVERSION = YES;
				CLANG_WARN_OBJC_IMPLICIT_RETAIN_SELF = YES;
				CLANG_WARN_OBJC_LITERAL_CONVERSION = YES;
				CLANG_WARN_OBJC_ROOT_CLASS = YES_ERROR;
				CLANG_WARN_QUOTED_INCLUDE_IN_FRAMEWORK_HEADER = YES;
				CLANG_WARN_RANGE_LOOP_ANALYSIS = YES;
				CLANG_WARN_STRICT_PROTOTYPES = YES;
				CLANG_WARN_SUSPICIOUS_MOVE = YES;
				CLANG_WARN_UNGUARDED_AVAILABILITY = YES_AGGRESSIVE;
				CLANG_WARN_UNREACHABLE_CODE = YES;
				CLANG_WARN__DUPLICATE_METHOD_MATCH = YES;
				COPY_PHASE_STRIP = NO;
				DEBUG_INFORMATION_FORMAT = "dwarf-with-dsym";
				ENABLE_NS_ASSERTIONS = NO;
				ENABLE_STRICT_OBJC_MSGSEND = YES;
				ENABLE_USER_SCRIPT_SANDBOXING = YES;
				GCC_C_LANGUAGE_STANDARD = gnu17;
				GCC_NO_COMMON_BLOCKS = YES;
				GCC_WARN_64_TO_32_BIT_CONVERSION = YES;
				GCC_WARN_ABOUT_RETURN_TYPE = YES_ERROR;
				GCC_WARN_UNDECLARED_SELECTOR = YES;
				GCC_WARN_UNINITIALIZED_AUTOS = YES_AGGRESSIVE;
				GCC_WARN_UNUSED_FUNCTION = YES;
				GCC_WARN_UNUSED_VARIABLE = YES;
				IPHONEOS_DEPLOYMENT_TARGET = 17.4;
				LOCALIZATION_PREFERS_STRING_CATALOGS = YES;
				MTL_ENABLE_DEBUG_INFO = NO;
				MTL_FAST_MATH = YES;
				SDKROOT = iphoneos;
				SWIFT_COMPILATION_MODE = wholemodule;
				VALIDATE_PRODUCT = YES;
			};
			name = Release;
		};
		44C655F12B9A3B1900614F0A /* Debug */ = {
			isa = XCBuildConfiguration;
			buildSettings = {
				ASSETCATALOG_COMPILER_APPICON_NAME = AppIcon;
				ASSETCATALOG_COMPILER_GLOBAL_ACCENT_COLOR_NAME = AccentColor;
				CODE_SIGN_STYLE = Automatic;
				CURRENT_PROJECT_VERSION = 1;
				DEVELOPMENT_ASSET_PATHS = "ScoresUIKit/Test\\ Content";
				GENERATE_INFOPLIST_FILE = YES;
				INFOPLIST_FILE = ScoresUIKit/Info.plist;
				INFOPLIST_KEY_CFBundleDisplayName = Scores;
				INFOPLIST_KEY_LSApplicationCategoryType = "public.app-category.entertainment";
				INFOPLIST_KEY_UIApplicationSupportsIndirectInputEvents = YES;
				INFOPLIST_KEY_UILaunchStoryboardName = LaunchScreen;
				INFOPLIST_KEY_UIMainStoryboardFile = Main;
				INFOPLIST_KEY_UISupportedInterfaceOrientations_iPad = "UIInterfaceOrientationPortrait UIInterfaceOrientationPortraitUpsideDown UIInterfaceOrientationLandscapeLeft UIInterfaceOrientationLandscapeRight";
				INFOPLIST_KEY_UISupportedInterfaceOrientations_iPhone = "UIInterfaceOrientationPortrait UIInterfaceOrientationLandscapeLeft UIInterfaceOrientationLandscapeRight";
				LD_RUNPATH_SEARCH_PATHS = (
					"$(inherited)",
					"@executable_path/Frameworks",
				);
				MARKETING_VERSION = 1.0;
				PRODUCT_BUNDLE_IDENTIFIER = com.JRG79.ScoresUIKit;
				PRODUCT_NAME = "$(TARGET_NAME)";
				SUPPORTED_PLATFORMS = "iphoneos iphonesimulator";
				SUPPORTS_MACCATALYST = NO;
				SUPPORTS_MAC_DESIGNED_FOR_IPHONE_IPAD = NO;
				SUPPORTS_XR_DESIGNED_FOR_IPHONE_IPAD = NO;
				SWIFT_EMIT_LOC_STRINGS = YES;
				SWIFT_VERSION = 5.0;
				TARGETED_DEVICE_FAMILY = "1,2";
			};
			name = Debug;
		};
		44C655F22B9A3B1900614F0A /* Release */ = {
			isa = XCBuildConfiguration;
			buildSettings = {
				ASSETCATALOG_COMPILER_APPICON_NAME = AppIcon;
				ASSETCATALOG_COMPILER_GLOBAL_ACCENT_COLOR_NAME = AccentColor;
				CODE_SIGN_STYLE = Automatic;
				CURRENT_PROJECT_VERSION = 1;
				DEVELOPMENT_ASSET_PATHS = "ScoresUIKit/Test\\ Content";
				GENERATE_INFOPLIST_FILE = YES;
				INFOPLIST_FILE = ScoresUIKit/Info.plist;
				INFOPLIST_KEY_CFBundleDisplayName = Scores;
				INFOPLIST_KEY_LSApplicationCategoryType = "public.app-category.entertainment";
				INFOPLIST_KEY_UIApplicationSupportsIndirectInputEvents = YES;
				INFOPLIST_KEY_UILaunchStoryboardName = LaunchScreen;
				INFOPLIST_KEY_UIMainStoryboardFile = Main;
				INFOPLIST_KEY_UISupportedInterfaceOrientations_iPad = "UIInterfaceOrientationPortrait UIInterfaceOrientationPortraitUpsideDown UIInterfaceOrientationLandscapeLeft UIInterfaceOrientationLandscapeRight";
				INFOPLIST_KEY_UISupportedInterfaceOrientations_iPhone = "UIInterfaceOrientationPortrait UIInterfaceOrientationLandscapeLeft UIInterfaceOrientationLandscapeRight";
				LD_RUNPATH_SEARCH_PATHS = (
					"$(inherited)",
					"@executable_path/Frameworks",
				);
				MARKETING_VERSION = 1.0;
				PRODUCT_BUNDLE_IDENTIFIER = com.JRG79.ScoresUIKit;
				PRODUCT_NAME = "$(TARGET_NAME)";
				SUPPORTED_PLATFORMS = "iphoneos iphonesimulator";
				SUPPORTS_MACCATALYST = NO;
				SUPPORTS_MAC_DESIGNED_FOR_IPHONE_IPAD = NO;
				SUPPORTS_XR_DESIGNED_FOR_IPHONE_IPAD = NO;
				SWIFT_EMIT_LOC_STRINGS = YES;
				SWIFT_VERSION = 5.0;
				TARGETED_DEVICE_FAMILY = "1,2";
			};
			name = Release;
		};
/* End XCBuildConfiguration section */

/* Begin XCConfigurationList section */
		44C655D72B9A3B1700614F0A /* Build configuration list for PBXProject "ScoresUIKit" */ = {
			isa = XCConfigurationList;
			buildConfigurations = (
				44C655EE2B9A3B1900614F0A /* Debug */,
				44C655EF2B9A3B1900614F0A /* Release */,
			);
			defaultConfigurationIsVisible = 0;
			defaultConfigurationName = Release;
		};
		44C655F02B9A3B1900614F0A /* Build configuration list for PBXNativeTarget "ScoresUIKit" */ = {
			isa = XCConfigurationList;
			buildConfigurations = (
				44C655F12B9A3B1900614F0A /* Debug */,
				44C655F22B9A3B1900614F0A /* Release */,
			);
			defaultConfigurationIsVisible = 0;
			defaultConfigurationName = Release;
		};
/* End XCConfigurationList section */
	};
	rootObject = 44C655D42B9A3B1700614F0A /* Project object */;
}
